{
  "lockfile_version": "1",
  "packages": {
    "postgresql@latest": {
      "last_modified": "2024-02-29T18:14:35Z",
      "plugin_version": "0.0.2",
      "resolved": "github:NixOS/nixpkgs/b5f6e3881acf8ca8a35b8cdb8d4021e5bd469a4e#postgresql",
      "source": "devbox-search",
      "version": "15.6",
      "systems": {
        "aarch64-darwin": {
          "store_path": "/nix/store/j5m8ndrxpmk1444lzdk6p33vfzwrg6l7-postgresql-15.6"
        },
        "aarch64-linux": {
          "store_path": "/nix/store/3gbmk22frf8l07k3mhb16d43dy7bfd2s-postgresql-15.6"
        },
        "x86_64-darwin": {
          "store_path": "/nix/store/3a6lihh8nk9fvhf87vwkszfknjx27yfb-postgresql-15.6"
        },
        "x86_64-linux": {
          "store_path": "/nix/store/84xh621k32sc7ykqx37vcqdpjz9zxmdf-postgresql-15.6"
        }
      }
    },
    "ruby@latest": {
      "last_modified": "2024-02-24T23:06:34Z",
      "plugin_version": "0.0.2",
      "resolved": "github:NixOS/nixpkgs/9a9dae8f6319600fa9aebde37f340975cab4b8c0#ruby_3_3",
      "source": "devbox-search",
      "version": "3.3.0",
      "systems": {
        "aarch64-darwin": {
          "store_path": "/nix/store/f8f2h73ji71hk3kjnbx8p0ax86nfn3cn-ruby-3.3.0"
        },
        "aarch64-linux": {
          "store_path": "/nix/store/0dqds3mklwg3jygw6gwi7dknag2q7fik-ruby-3.3.0"
        },
        "x86_64-darwin": {
          "store_path": "/nix/store/jz2nnsfqzsn6f964l9gdynkx6njj253m-ruby-3.3.0"
        },
        "x86_64-linux": {
          "store_path": "/nix/store/r4jyrk9mhzms6nnczb1qyha4bw3818c9-ruby-3.3.0"
        }
      }
    }
  }
}
